
Microsoft Visual Studio Solution File, Format Version 12.00
# Visual Studio Version 17
VisualStudioVersion = 17.14.36301.6
MinimumVisualStudioVersion = 10.0.40219.1
Project("{FAE04EC0-301F-11D3-BF4B-00C04F79EFBC}") = "Client", "Client\Client.csproj", "{9558C69D-9B50-42A6-9125-ADC0761B1ED9}"
EndProject
Project("{FAE04EC0-301F-11D3-BF4B-00C04F79EFBC}") = "Server", "Server\Server.csproj", "{A8370970-A1D6-44BB-AB4C-D4BBB89D332F}"
EndProject
Project("{FAE04EC0-301F-11D3-BF4B-00C04F79EFBC}") = "Application", "Application\Application.csproj", "{0917DE11-6EB0-4397-9178-B9594CDA4F31}"
EndProject
Project("{FAE04EC0-301F-11D3-BF4B-00C04F79EFBC}") = "Infrastructure", "Infrastructure\Infrastructure.csproj", "{0D2B5020-BD34-48D4-B8C2-AA17EAA61F91}"
EndProject
Project("{FAE04EC0-301F-11D3-BF4B-00C04F79EFBC}") = "Core", "Core\Core.csproj", "{BDD68D8F-F4B0-4113-A0AE-804582572C81}"
EndProject
Project("{FAE04EC0-301F-11D3-BF4B-00C04F79EFBC}") = "Domain", "Domain\Domain.csproj", "{82ECEDAC-0FB6-45C6-9AA6-035B82FAC8F9}"
EndProject
Project("{FAE04EC0-301F-11D3-BF4B-00C04F79EFBC}") = "Presentation", "Presentation\Presentation.csproj", "{28F21484-83D8-48A0-8A40-4228ECDF4507}"
EndProject
Global
	GlobalSection(SolutionConfigurationPlatforms) = preSolution
		Debug|Any CPU = Debug|Any CPU
		Release|Any CPU = Release|Any CPU
	EndGlobalSection
	GlobalSection(ProjectConfigurationPlatforms) = postSolution
		{9558C69D-9B50-42A6-9125-ADC0761B1ED9}.Debug|Any CPU.ActiveCfg = Debug|Any CPU
		{9558C69D-9B50-42A6-9125-ADC0761B1ED9}.Debug|Any CPU.Build.0 = Debug|Any CPU
		{9558C69D-9B50-42A6-9125-ADC0761B1ED9}.Release|Any CPU.ActiveCfg = Release|Any CPU
		{9558C69D-9B50-42A6-9125-ADC0761B1ED9}.Release|Any CPU.Build.0 = Release|Any CPU
		{A8370970-A1D6-44BB-AB4C-D4BBB89D332F}.Debug|Any CPU.ActiveCfg = Debug|Any CPU
		{A8370970-A1D6-44BB-AB4C-D4BBB89D332F}.Debug|Any CPU.Build.0 = Debug|Any CPU
		{A8370970-A1D6-44BB-AB4C-D4BBB89D332F}.Release|Any CPU.ActiveCfg = Release|Any CPU
		{A8370970-A1D6-44BB-AB4C-D4BBB89D332F}.Release|Any CPU.Build.0 = Release|Any CPU
		{0917DE11-6EB0-4397-9178-B9594CDA4F31}.Debug|Any CPU.ActiveCfg = Debug|Any CPU
		{0917DE11-6EB0-4397-9178-B9594CDA4F31}.Debug|Any CPU.Build.0 = Debug|Any CPU
		{0917DE11-6EB0-4397-9178-B9594CDA4F31}.Release|Any CPU.ActiveCfg = Release|Any CPU
		{0917DE11-6EB0-4397-9178-B9594CDA4F31}.Release|Any CPU.Build.0 = Release|Any CPU
		{0D2B5020-BD34-48D4-B8C2-AA17EAA61F91}.Debug|Any CPU.ActiveCfg = Debug|Any CPU
		{0D2B5020-BD34-48D4-B8C2-AA17EAA61F91}.Debug|Any CPU.Build.0 = Debug|Any CPU
		{0D2B5020-BD34-48D4-B8C2-AA17EAA61F91}.Release|Any CPU.ActiveCfg = Release|Any CPU
		{0D2B5020-BD34-48D4-B8C2-AA17EAA61F91}.Release|Any CPU.Build.0 = Release|Any CPU
		{BDD68D8F-F4B0-4113-A0AE-804582572C81}.Debug|Any CPU.ActiveCfg = Debug|Any CPU
		{BDD68D8F-F4B0-4113-A0AE-804582572C81}.Debug|Any CPU.Build.0 = Debug|Any CPU
		{BDD68D8F-F4B0-4113-A0AE-804582572C81}.Release|Any CPU.ActiveCfg = Release|Any CPU
		{BDD68D8F-F4B0-4113-A0AE-804582572C81}.Release|Any CPU.Build.0 = Release|Any CPU
		{82ECEDAC-0FB6-45C6-9AA6-035B82FAC8F9}.Debug|Any CPU.ActiveCfg = Debug|Any CPU
		{82ECEDAC-0FB6-45C6-9AA6-035B82FAC8F9}.Debug|Any CPU.Build.0 = Debug|Any CPU
		{82ECEDAC-0FB6-45C6-9AA6-035B82FAC8F9}.Release|Any CPU.ActiveCfg = Release|Any CPU
		{82ECEDAC-0FB6-45C6-9AA6-035B82FAC8F9}.Release|Any CPU.Build.0 = Release|Any CPU
		{28F21484-83D8-48A0-8A40-4228ECDF4507}.Debug|Any CPU.ActiveCfg = Debug|Any CPU
		{28F21484-83D8-48A0-8A40-4228ECDF4507}.Debug|Any CPU.Build.0 = Debug|Any CPU
		{28F21484-83D8-48A0-8A40-4228ECDF4507}.Release|Any CPU.ActiveCfg = Release|Any CPU
		{28F21484-83D8-48A0-8A40-4228ECDF4507}.Release|Any CPU.Build.0 = Release|Any CPU
	EndGlobalSection
	GlobalSection(SolutionProperties) = preSolution
		HideSolutionNode = FALSE
	EndGlobalSection
	GlobalSection(ExtensibilityGlobals) = postSolution
		SolutionGuid = {FD1A8644-471E-47E1-BFBD-90896E0F4794}
	EndGlobalSection
EndGlobal
